PODS:
  - LCAudioPlayer (0.0.1)
  - Masonry (1.1.0)
  - MLCKit (0.0.2):
    - MLCKit/Cache (= 0.0.2)
    - MLCKit/Category (= 0.0.2)
    - MLCKit/LocalFolder (= 0.0.2)
    - MLCKit/Macro (= 0.0.2)
    - MLCKit/PhotoPermission (= 0.0.2)
    - MLCKit/Proxy (= 0.0.2)
    - MLCKit/UI (= 0.0.2)
    - MLCKit/Utility (= 0.0.2)
  - MLCKit/Cache (0.0.2):
    - YYCache
  - MLCKit/Category (0.0.2)
  - MLCKit/LocalFolder (0.0.2)
  - MLCKit/Macro (0.0.2)
  - MLCKit/PhotoPermission (0.0.2):
    - MLCKit/Macro
    - MLCKit/Utility
  - MLCKit/Proxy (0.0.2)
  - MLCKit/UI (0.0.2):
    - Masonry
  - MLCKit/Utility (0.0.2)
  - YYCache (1.0.4)

DEPENDENCIES:
  - LCAudioPlayer (from `../`)
  - Masonry (= 1.1.0)
  - MLCKit (from `https://github.com/mlcldh/MLCKit.git`)

SPEC REPOS:
  https://github.com/CocoaPods/Specs.git:
    - Masonry
    - YYCache

EXTERNAL SOURCES:
  LCAudioPlayer:
    :path: "../"
  MLCKit:
    :git: https://github.com/mlcldh/MLCKit.git

CHECKOUT OPTIONS:
  MLCKit:
    :commit: 2eb6587eb8311c3f85a177f99492d6d90a59978c
    :git: https://github.com/mlcldh/MLCKit.git

SPEC CHECKSUMS:
  LCAudioPlayer: ee8c2a3bc516da2fc5e000105afc72cbaeb1a050
  Masonry: 678fab65091a9290e40e2832a55e7ab731aad201
  MLCKit: c5f39521a35f363ebbf97c9192183f1e8597a7a4
  YYCache: 8105b6638f5e849296c71f331ff83891a4942952

PODFILE CHECKSUM: 3fcb13e39825974f0a7d481b8fb8862e328d3f81

COCOAPODS: 1.9.3
